
Microsoft Visual Studio Solution File, Format Version 12.00
# Visual Studio 2012
Project("{F184B08F-C81C-45F6-A57F-5ABD9991F28F}") = "HOTEL MANGEMENT SYSTEM", "HOTEL MANGEMENT SYSTEM\HOTEL MANGEMENT SYSTEM.vbproj", "{C14EB544-596D-477B-A0F1-8FED45D97E11}"
EndProject
Global
	GlobalSection(SolutionConfigurationPlatforms) = preSolution
		Debug|Any CPU = Debug|Any CPU
		Release|Any CPU = Release|Any CPU
	EndGlobalSection
	GlobalSection(ProjectConfigurationPlatforms) = postSolution
		{C14EB544-596D-477B-A0F1-8FED45D97E11}.Debug|Any CPU.ActiveCfg = Debug|Any CPU
		{C14EB544-596D-477B-A0F1-8FED45D97E11}.Debug|Any CPU.Build.0 = Debug|Any CPU
		{C14EB544-596D-477B-A0F1-8FED45D97E11}.Release|Any CPU.ActiveCfg = Release|Any CPU
		{C14EB544-596D-477B-A0F1-8FED45D97E11}.Release|Any CPU.Build.0 = Release|Any CPU
	EndGlobalSection
	GlobalSection(SolutionProperties) = preSolution
		HideSolutionNode = FALSE
	EndGlobalSection
EndGlobal
